// !$*UTF8*$!
{
	archiveVersion = 1;
	classes = {
	};
	objectVersion = 50;
	objects = {

/* Begin PBXBuildFile section */
		E3551D48253ECABE00D098DC /* AppDelegate.swift in Sources */ = {isa = PBXBuildFile; fileRef = E3551D47253ECABE00D098DC /* AppDelegate.swift */; };
		E3551D4A253ECABE00D098DC /* SceneDelegate.swift in Sources */ = {isa = PBXBuildFile; fileRef = E3551D49253ECABE00D098DC /* SceneDelegate.swift */; };
		E3551D4C253ECABE00D098DC /* WeatherViewController.swift in Sources */ = {isa = PBXBuildFile; fileRef = E3551D4B253ECABE00D098DC /* WeatherViewController.swift */; };
		E3551D51253ECAC000D098DC /* Assets.xcassets in Resources */ = {isa = PBXBuildFile; fileRef = E3551D50253ECAC000D098DC /* Assets.xcassets */; };
		E3551D54253ECAC000D098DC /* LaunchScreen.storyboard in Resources */ = {isa = PBXBuildFile; fileRef = E3551D52253ECAC000D098DC /* LaunchScreen.storyboard */; };
		E3551D5F253ECAC000D098DC /* WeatherExerciseTests.swift in Sources */ = {isa = PBXBuildFile; fileRef = E3551D5E253ECAC000D098DC /* WeatherExerciseTests.swift */; };
		E3551D6A253ECAC000D098DC /* WeatherExerciseUITests.swift in Sources */ = {isa = PBXBuildFile; fileRef = E3551D69253ECAC000D098DC /* WeatherExerciseUITests.swift */; };
		E3551D7E253ECCD600D098DC /* Layouts.swift in Sources */ = {isa = PBXBuildFile; fileRef = E3551D7D253ECCD600D098DC /* Layouts.swift */; };
		E3551D80253ECCFB00D098DC /* LayoutAttributes.swift in Sources */ = {isa = PBXBuildFile; fileRef = E3551D7F253ECCFB00D098DC /* LayoutAttributes.swift */; };
		E3551D83253ECE0600D098DC /* UILabelFactory.swift in Sources */ = {isa = PBXBuildFile; fileRef = E3551D82253ECE0600D098DC /* UILabelFactory.swift */; };
		E3551D85253ECE2400D098DC /* UIImageViewFactory.swift in Sources */ = {isa = PBXBuildFile; fileRef = E3551D84253ECE2400D098DC /* UIImageViewFactory.swift */; };
		E3551D87253ECE5E00D098DC /* UIStackViewFactory.swift in Sources */ = {isa = PBXBuildFile; fileRef = E3551D86253ECE5E00D098DC /* UIStackViewFactory.swift */; };
		E3551D98253EE8BA00D098DC /* WeatherModel.swift in Sources */ = {isa = PBXBuildFile; fileRef = E3551D97253EE8BA00D098DC /* WeatherModel.swift */; };
		E3551D9B253EEF3200D098DC /* Double+Extenstion.swift in Sources */ = {isa = PBXBuildFile; fileRef = E3551D9A253EEF3200D098DC /* Double+Extenstion.swift */; };
		E3551D9D253F587A00D098DC /* AppError.swift in Sources */ = {isa = PBXBuildFile; fileRef = E3551D9C253F587A00D098DC /* AppError.swift */; };
		E3551DAE253F5C3100D098DC /* DequeueInitializable.swift in Sources */ = {isa = PBXBuildFile; fileRef = E3551DAD253F5C3100D098DC /* DequeueInitializable.swift */; };
		E3551DB2253F5F7200D098DC /* WeatherNetworkRouter.swift in Sources */ = {isa = PBXBuildFile; fileRef = E3551DB1253F5F7200D098DC /* WeatherNetworkRouter.swift */; };
		E3551DB6253F64D000D098DC /* WeatherServiceRequest.swift in Sources */ = {isa = PBXBuildFile; fileRef = E3551DB5253F64D000D098DC /* WeatherServiceRequest.swift */; };
		E3551DB8253F664F00D098DC /* WeatherService.swift in Sources */ = {isa = PBXBuildFile; fileRef = E3551DB7253F664F00D098DC /* WeatherService.swift */; };
		E3551DBA253F66FE00D098DC /* APIClient.swift in Sources */ = {isa = PBXBuildFile; fileRef = E3551DB9253F66FE00D098DC /* APIClient.swift */; };
		E3551DBC253F673300D098DC /* Reachability.swift in Sources */ = {isa = PBXBuildFile; fileRef = E3551DBB253F673300D098DC /* Reachability.swift */; };
		E3A90775254031DC009127E7 /* WeatherRepository.swift in Sources */ = {isa = PBXBuildFile; fileRef = E3A90774254031DC009127E7 /* WeatherRepository.swift */; };
		E3A90778254034AB009127E7 /* LocationManager.swift in Sources */ = {isa = PBXBuildFile; fileRef = E3A90777254034AB009127E7 /* LocationManager.swift */; };
		E3A9077C2540BD5C009127E7 /* WeatherViewModel.swift in Sources */ = {isa = PBXBuildFile; fileRef = E3A9077B2540BD5C009127E7 /* WeatherViewModel.swift */; };
		E3EA611E2542009900477C77 /* CurvedView.swift in Sources */ = {isa = PBXBuildFile; fileRef = E3EA611D2542009900477C77 /* CurvedView.swift */; };
		E3EA61202542033F00477C77 /* UIColor+Extension.swift in Sources */ = {isa = PBXBuildFile; fileRef = E3EA611F2542033F00477C77 /* UIColor+Extension.swift */; };
		E3EA61222542037000477C77 /* Theme.xcassets in Resources */ = {isa = PBXBuildFile; fileRef = E3EA61212542037000477C77 /* Theme.xcassets */; };
		E3EA61252542143A00477C77 /* HourlyCollectionViewCell.swift in Sources */ = {isa = PBXBuildFile; fileRef = E3EA61242542143900477C77 /* HourlyCollectionViewCell.swift */; };
		E3EA61272542146600477C77 /* HourlyCollectionViewCellViewModel.swift in Sources */ = {isa = PBXBuildFile; fileRef = E3EA61262542146600477C77 /* HourlyCollectionViewCellViewModel.swift */; };
		E3EA612A25421DDA00477C77 /* DailyTableViewCell.swift in Sources */ = {isa = PBXBuildFile; fileRef = E3EA612925421DDA00477C77 /* DailyTableViewCell.swift */; };
		E3EA612C25421E1D00477C77 /* DailyTableViewCellViewModel.swift in Sources */ = {isa = PBXBuildFile; fileRef = E3EA612B25421E1D00477C77 /* DailyTableViewCellViewModel.swift */; };
/* End PBXBuildFile section */

/* Begin PBXContainerItemProxy section */
		E3551D5B253ECAC000D098DC /* PBXContainerItemProxy */ = {
			isa = PBXContainerItemProxy;
			containerPortal = E3551D3C253ECABE00D098DC /* Project object */;
			proxyType = 1;
			remoteGlobalIDString = E3551D43253ECABE00D098DC;
			remoteInfo = WeatherExercise;
		};
		E3551D66253ECAC000D098DC /* PBXContainerItemProxy */ = {
			isa = PBXContainerItemProxy;
			containerPortal = E3551D3C253ECABE00D098DC /* Project object */;
			proxyType = 1;
			remoteGlobalIDString = E3551D43253ECABE00D098DC;
			remoteInfo = WeatherExercise;
		};
/* End PBXContainerItemProxy section */

/* Begin PBXFileReference section */
		E3551D44253ECABE00D098DC /* WeatherExercise.app */ = {isa = PBXFileReference; explicitFileType = wrapper.application; includeInIndex = 0; path = WeatherExercise.app; sourceTree = BUILT_PRODUCTS_DIR; };
		E3551D47253ECABE00D098DC /* AppDelegate.swift */ = {isa = PBXFileReference; lastKnownFileType = sourcecode.swift; path = AppDelegate.swift; sourceTree = "<group>"; };
		E3551D49253ECABE00D098DC /* SceneDelegate.swift */ = {isa = PBXFileReference; lastKnownFileType = sourcecode.swift; path = SceneDelegate.swift; sourceTree = "<group>"; };
		E3551D4B253ECABE00D098DC /* WeatherViewController.swift */ = {isa = PBXFileReference; lastKnownFileType = sourcecode.swift; path = WeatherViewController.swift; sourceTree = "<group>"; };
		E3551D50253ECAC000D098DC /* Assets.xcassets */ = {isa = PBXFileReference; lastKnownFileType = folder.assetcatalog; path = Assets.xcassets; sourceTree = "<group>"; };
		E3551D53253ECAC000D098DC /* Base */ = {isa = PBXFileReference; lastKnownFileType = file.storyboard; name = Base; path = Base.lproj/LaunchScreen.storyboard; sourceTree = "<group>"; };
		E3551D55253ECAC000D098DC /* Info.plist */ = {isa = PBXFileReference; lastKnownFileType = text.plist.xml; path = Info.plist; sourceTree = "<group>"; };
		E3551D5A253ECAC000D098DC /* WeatherExerciseTests.xctest */ = {isa = PBXFileReference; explicitFileType = wrapper.cfbundle; includeInIndex = 0; path = WeatherExerciseTests.xctest; sourceTree = BUILT_PRODUCTS_DIR; };
		E3551D5E253ECAC000D098DC /* WeatherExerciseTests.swift */ = {isa = PBXFileReference; lastKnownFileType = sourcecode.swift; path = WeatherExerciseTests.swift; sourceTree = "<group>"; };
		E3551D60253ECAC000D098DC /* Info.plist */ = {isa = PBXFileReference; lastKnownFileType = text.plist.xml; path = Info.plist; sourceTree = "<group>"; };
		E3551D65253ECAC000D098DC /* WeatherExerciseUITests.xctest */ = {isa = PBXFileReference; explicitFileType = wrapper.cfbundle; includeInIndex = 0; path = WeatherExerciseUITests.xctest; sourceTree = BUILT_PRODUCTS_DIR; };
		E3551D69253ECAC000D098DC /* WeatherExerciseUITests.swift */ = {isa = PBXFileReference; lastKnownFileType = sourcecode.swift; path = WeatherExerciseUITests.swift; sourceTree = "<group>"; };
		E3551D6B253ECAC000D098DC /* Info.plist */ = {isa = PBXFileReference; lastKnownFileType = text.plist.xml; path = Info.plist; sourceTree = "<group>"; };
		E3551D7D253ECCD600D098DC /* Layouts.swift */ = {isa = PBXFileReference; lastKnownFileType = sourcecode.swift; path = Layouts.swift; sourceTree = "<group>"; };
		E3551D7F253ECCFB00D098DC /* LayoutAttributes.swift */ = {isa = PBXFileReference; lastKnownFileType = sourcecode.swift; path = LayoutAttributes.swift; sourceTree = "<group>"; };
		E3551D82253ECE0600D098DC /* UILabelFactory.swift */ = {isa = PBXFileReference; lastKnownFileType = sourcecode.swift; path = UILabelFactory.swift; sourceTree = "<group>"; };
		E3551D84253ECE2400D098DC /* UIImageViewFactory.swift */ = {isa = PBXFileReference; lastKnownFileType = sourcecode.swift; path = UIImageViewFactory.swift; sourceTree = "<group>"; };
		E3551D86253ECE5E00D098DC /* UIStackViewFactory.swift */ = {isa = PBXFileReference; lastKnownFileType = sourcecode.swift; path = UIStackViewFactory.swift; sourceTree = "<group>"; };
		E3551D97253EE8BA00D098DC /* WeatherModel.swift */ = {isa = PBXFileReference; lastKnownFileType = sourcecode.swift; path = WeatherModel.swift; sourceTree = "<group>"; };
		E3551D9A253EEF3200D098DC /* Double+Extenstion.swift */ = {isa = PBXFileReference; lastKnownFileType = sourcecode.swift; path = "Double+Extenstion.swift"; sourceTree = "<group>"; };
		E3551D9C253F587A00D098DC /* AppError.swift */ = {isa = PBXFileReference; lastKnownFileType = sourcecode.swift; path = AppError.swift; sourceTree = "<group>"; };
		E3551DAD253F5C3100D098DC /* DequeueInitializable.swift */ = {isa = PBXFileReference; lastKnownFileType = sourcecode.swift; path = DequeueInitializable.swift; sourceTree = "<group>"; };
		E3551DB1253F5F7200D098DC /* WeatherNetworkRouter.swift */ = {isa = PBXFileReference; lastKnownFileType = sourcecode.swift; path = WeatherNetworkRouter.swift; sourceTree = "<group>"; };
		E3551DB5253F64D000D098DC /* WeatherServiceRequest.swift */ = {isa = PBXFileReference; lastKnownFileType = sourcecode.swift; path = WeatherServiceRequest.swift; sourceTree = "<group>"; };
		E3551DB7253F664F00D098DC /* WeatherService.swift */ = {isa = PBXFileReference; lastKnownFileType = sourcecode.swift; path = WeatherService.swift; sourceTree = "<group>"; };
		E3551DB9253F66FE00D098DC /* APIClient.swift */ = {isa = PBXFileReference; lastKnownFileType = sourcecode.swift; path = APIClient.swift; sourceTree = "<group>"; };
		E3551DBB253F673300D098DC /* Reachability.swift */ = {isa = PBXFileReference; lastKnownFileType = sourcecode.swift; path = Reachability.swift; sourceTree = "<group>"; };
		E3A90774254031DC009127E7 /* WeatherRepository.swift */ = {isa = PBXFileReference; lastKnownFileType = sourcecode.swift; path = WeatherRepository.swift; sourceTree = "<group>"; };
		E3A90777254034AB009127E7 /* LocationManager.swift */ = {isa = PBXFileReference; lastKnownFileType = sourcecode.swift; path = LocationManager.swift; sourceTree = "<group>"; };
		E3A9077B2540BD5C009127E7 /* WeatherViewModel.swift */ = {isa = PBXFileReference; lastKnownFileType = sourcecode.swift; path = WeatherViewModel.swift; sourceTree = "<group>"; };
		E3EA611D2542009900477C77 /* CurvedView.swift */ = {isa = PBXFileReference; lastKnownFileType = sourcecode.swift; path = CurvedView.swift; sourceTree = "<group>"; };
		E3EA611F2542033F00477C77 /* UIColor+Extension.swift */ = {isa = PBXFileReference; lastKnownFileType = sourcecode.swift; path = "UIColor+Extension.swift"; sourceTree = "<group>"; };
		E3EA61212542037000477C77 /* Theme.xcassets */ = {isa = PBXFileReference; lastKnownFileType = folder.assetcatalog; path = Theme.xcassets; sourceTree = "<group>"; };
		E3EA61242542143900477C77 /* HourlyCollectionViewCell.swift */ = {isa = PBXFileReference; lastKnownFileType = sourcecode.swift; path = HourlyCollectionViewCell.swift; sourceTree = "<group>"; };
		E3EA61262542146600477C77 /* HourlyCollectionViewCellViewModel.swift */ = {isa = PBXFileReference; lastKnownFileType = sourcecode.swift; path = HourlyCollectionViewCellViewModel.swift; sourceTree = "<group>"; };
		E3EA612925421DDA00477C77 /* DailyTableViewCell.swift */ = {isa = PBXFileReference; lastKnownFileType = sourcecode.swift; path = DailyTableViewCell.swift; sourceTree = "<group>"; };
		E3EA612B25421E1D00477C77 /* DailyTableViewCellViewModel.swift */ = {isa = PBXFileReference; lastKnownFileType = sourcecode.swift; path = DailyTableViewCellViewModel.swift; sourceTree = "<group>"; };
/* End PBXFileReference section */

/* Begin PBXFrameworksBuildPhase section */
		E3551D41253ECABE00D098DC /* Frameworks */ = {
			isa = PBXFrameworksBuildPhase;
			buildActionMask = 2147483647;
			files = (
			);
			runOnlyForDeploymentPostprocessing = 0;
		};
		E3551D57253ECAC000D098DC /* Frameworks */ = {
			isa = PBXFrameworksBuildPhase;
			buildActionMask = 2147483647;
			files = (
			);
			runOnlyForDeploymentPostprocessing = 0;
		};
		E3551D62253ECAC000D098DC /* Frameworks */ = {
			isa = PBXFrameworksBuildPhase;
			buildActionMask = 2147483647;
			files = (
			);
			runOnlyForDeploymentPostprocessing = 0;
		};
/* End PBXFrameworksBuildPhase section */

/* Begin PBXGroup section */
		E3551D3B253ECABE00D098DC = {
			isa = PBXGroup;
			children = (
				E3551D46253ECABE00D098DC /* WeatherExercise */,
				E3551D5D253ECAC000D098DC /* WeatherExerciseTests */,
				E3551D68253ECAC000D098DC /* WeatherExerciseUITests */,
				E3551D45253ECABE00D098DC /* Products */,
			);
			sourceTree = "<group>";
		};
		E3551D45253ECABE00D098DC /* Products */ = {
			isa = PBXGroup;
			children = (
				E3551D44253ECABE00D098DC /* WeatherExercise.app */,
				E3551D5A253ECAC000D098DC /* WeatherExerciseTests.xctest */,
				E3551D65253ECAC000D098DC /* WeatherExerciseUITests.xctest */,
			);
			name = Products;
			sourceTree = "<group>";
		};
		E3551D46253ECABE00D098DC /* WeatherExercise */ = {
			isa = PBXGroup;
			children = (
				E3A9077625403487009127E7 /* Manager */,
				E3A90773254031B4009127E7 /* Repositories */,
				E3551DB3253F627A00D098DC /* Service */,
				E3551DAF253F5F3C00D098DC /* Network */,
				E3551DAC253F5C1B00D098DC /* Utils */,
				E3551D99253EEF1A00D098DC /* Extensions */,
				E3551D96253EE8A600D098DC /* Modal */,
				E3551D81253ECDF000D098DC /* Factories */,
				E3551D7C253ECCB800D098DC /* Layout */,
				E3551D77253ECBEB00D098DC /* Application */,
				E3551D7B253ECC8100D098DC /* Scene */,
				E3551D79253ECC6900D098DC /* Resources */,
				E3551D78253ECC5A00D098DC /* Storyboard */,
			);
			path = WeatherExercise;
			sourceTree = "<group>";
		};
		E3551D5D253ECAC000D098DC /* WeatherExerciseTests */ = {
			isa = PBXGroup;
			children = (
				E3551D5E253ECAC000D098DC /* WeatherExerciseTests.swift */,
				E3551D60253ECAC000D098DC /* Info.plist */,
			);
			path = WeatherExerciseTests;
			sourceTree = "<group>";
		};
		E3551D68253ECAC000D098DC /* WeatherExerciseUITests */ = {
			isa = PBXGroup;
			children = (
				E3551D69253ECAC000D098DC /* WeatherExerciseUITests.swift */,
				E3551D6B253ECAC000D098DC /* Info.plist */,
			);
			path = WeatherExerciseUITests;
			sourceTree = "<group>";
		};
		E3551D77253ECBEB00D098DC /* Application */ = {
			isa = PBXGroup;
			children = (
				E3551D47253ECABE00D098DC /* AppDelegate.swift */,
				E3551D49253ECABE00D098DC /* SceneDelegate.swift */,
			);
			path = Application;
			sourceTree = "<group>";
		};
		E3551D78253ECC5A00D098DC /* Storyboard */ = {
			isa = PBXGroup;
			children = (
				E3551D52253ECAC000D098DC /* LaunchScreen.storyboard */,
			);
			path = Storyboard;
			sourceTree = "<group>";
		};
		E3551D79253ECC6900D098DC /* Resources */ = {
			isa = PBXGroup;
			children = (
				E3EA61212542037000477C77 /* Theme.xcassets */,
				E3551D50253ECAC000D098DC /* Assets.xcassets */,
				E3551D55253ECAC000D098DC /* Info.plist */,
			);
			path = Resources;
			sourceTree = "<group>";
		};
		E3551D7B253ECC8100D098DC /* Scene */ = {
			isa = PBXGroup;
			children = (
				E3EA611C2542007100477C77 /* CustomView */,
				E3551D4B253ECABE00D098DC /* WeatherViewController.swift */,
				E3A9077B2540BD5C009127E7 /* WeatherViewModel.swift */,
				E3EA612825421DB300477C77 /* TableViewCell */,
				E3EA61232542141200477C77 /* CollectionViewCell */,
			);
			path = Scene;
			sourceTree = "<group>";
		};
		E3551D7C253ECCB800D098DC /* Layout */ = {
			isa = PBXGroup;
			children = (
				E3551D7D253ECCD600D098DC /* Layouts.swift */,
				E3551D7F253ECCFB00D098DC /* LayoutAttributes.swift */,
			);
			path = Layout;
			sourceTree = "<group>";
		};
		E3551D81253ECDF000D098DC /* Factories */ = {
			isa = PBXGroup;
			children = (
				E3551D82253ECE0600D098DC /* UILabelFactory.swift */,
				E3551D84253ECE2400D098DC /* UIImageViewFactory.swift */,
				E3551D86253ECE5E00D098DC /* UIStackViewFactory.swift */,
			);
			path = Factories;
			sourceTree = "<group>";
		};
		E3551D96253EE8A600D098DC /* Modal */ = {
			isa = PBXGroup;
			children = (
				E3551D97253EE8BA00D098DC /* WeatherModel.swift */,
				E3551D9C253F587A00D098DC /* AppError.swift */,
			);
			path = Modal;
			sourceTree = "<group>";
		};
		E3551D99253EEF1A00D098DC /* Extensions */ = {
			isa = PBXGroup;
			children = (
				E3551D9A253EEF3200D098DC /* Double+Extenstion.swift */,
				E3EA611F2542033F00477C77 /* UIColor+Extension.swift */,
			);
			path = Extensions;
			sourceTree = "<group>";
		};
		E3551DAC253F5C1B00D098DC /* Utils */ = {
			isa = PBXGroup;
			children = (
				E3551DAD253F5C3100D098DC /* DequeueInitializable.swift */,
			);
			name = Utils;
			sourceTree = "<group>";
		};
		E3551DAF253F5F3C00D098DC /* Network */ = {
			isa = PBXGroup;
			children = (
				E3551DB0253F5F4A00D098DC /* NetworkRouter */,
				E3551DB9253F66FE00D098DC /* APIClient.swift */,
				E3551DBB253F673300D098DC /* Reachability.swift */,
			);
			path = Network;
			sourceTree = "<group>";
		};
		E3551DB0253F5F4A00D098DC /* NetworkRouter */ = {
			isa = PBXGroup;
			children = (
				E3551DB1253F5F7200D098DC /* WeatherNetworkRouter.swift */,
			);
			path = NetworkRouter;
			sourceTree = "<group>";
		};
		E3551DB3253F627A00D098DC /* Service */ = {
			isa = PBXGroup;
			children = (
				E3551DB4253F64AD00D098DC /* ServiceRequest */,
				E3551DB7253F664F00D098DC /* WeatherService.swift */,
			);
			path = Service;
			sourceTree = "<group>";
		};
		E3551DB4253F64AD00D098DC /* ServiceRequest */ = {
			isa = PBXGroup;
			children = (
				E3551DB5253F64D000D098DC /* WeatherServiceRequest.swift */,
			);
			path = ServiceRequest;
			sourceTree = "<group>";
		};
		E3A90773254031B4009127E7 /* Repositories */ = {
			isa = PBXGroup;
			children = (
				E3A90774254031DC009127E7 /* WeatherRepository.swift */,
			);
			path = Repositories;
			sourceTree = "<group>";
		};
		E3A9077625403487009127E7 /* Manager */ = {
			isa = PBXGroup;
			children = (
				E3A90777254034AB009127E7 /* LocationManager.swift */,
			);
			path = Manager;
			sourceTree = "<group>";
		};
		E3EA611C2542007100477C77 /* CustomView */ = {
			isa = PBXGroup;
			children = (
				E3EA611D2542009900477C77 /* CurvedView.swift */,
			);
			path = CustomView;
			sourceTree = "<group>";
		};
		E3EA61232542141200477C77 /* CollectionViewCell */ = {
			isa = PBXGroup;
			children = (
				E3EA61242542143900477C77 /* HourlyCollectionViewCell.swift */,
				E3EA61262542146600477C77 /* HourlyCollectionViewCellViewModel.swift */,
			);
			path = CollectionViewCell;
			sourceTree = "<group>";
		};
		E3EA612825421DB300477C77 /* TableViewCell */ = {
			isa = PBXGroup;
			children = (
				E3EA612925421DDA00477C77 /* DailyTableViewCell.swift */,
				E3EA612B25421E1D00477C77 /* DailyTableViewCellViewModel.swift */,
			);
			path = TableViewCell;
			sourceTree = "<group>";
		};
/* End PBXGroup section */

/* Begin PBXNativeTarget section */
		E3551D43253ECABE00D098DC /* WeatherExercise */ = {
			isa = PBXNativeTarget;
			buildConfigurationList = E3551D6E253ECAC000D098DC /* Build configuration list for PBXNativeTarget "WeatherExercise" */;
			buildPhases = (
				E3551D40253ECABE00D098DC /* Sources */,
				E3551D41253ECABE00D098DC /* Frameworks */,
				E3551D42253ECABE00D098DC /* Resources */,
			);
			buildRules = (
			);
			dependencies = (
			);
			name = WeatherExercise;
			productName = WeatherExercise;
			productReference = E3551D44253ECABE00D098DC /* WeatherExercise.app */;
			productType = "com.apple.product-type.application";
		};
		E3551D59253ECAC000D098DC /* WeatherExerciseTests */ = {
			isa = PBXNativeTarget;
			buildConfigurationList = E3551D71253ECAC000D098DC /* Build configuration list for PBXNativeTarget "WeatherExerciseTests" */;
			buildPhases = (
				E3551D56253ECAC000D098DC /* Sources */,
				E3551D57253ECAC000D098DC /* Frameworks */,
				E3551D58253ECAC000D098DC /* Resources */,
			);
			buildRules = (
			);
			dependencies = (
				E3551D5C253ECAC000D098DC /* PBXTargetDependency */,
			);
			name = WeatherExerciseTests;
			productName = WeatherExerciseTests;
			productReference = E3551D5A253ECAC000D098DC /* WeatherExerciseTests.xctest */;
			productType = "com.apple.product-type.bundle.unit-test";
		};
		E3551D64253ECAC000D098DC /* WeatherExerciseUITests */ = {
			isa = PBXNativeTarget;
			buildConfigurationList = E3551D74253ECAC000D098DC /* Build configuration list for PBXNativeTarget "WeatherExerciseUITests" */;
			buildPhases = (
				E3551D61253ECAC000D098DC /* Sources */,
				E3551D62253ECAC000D098DC /* Frameworks */,
				E3551D63253ECAC000D098DC /* Resources */,
			);
			buildRules = (
			);
			dependencies = (
				E3551D67253ECAC000D098DC /* PBXTargetDependency */,
			);
			name = WeatherExerciseUITests;
			productName = WeatherExerciseUITests;
			productReference = E3551D65253ECAC000D098DC /* WeatherExerciseUITests.xctest */;
			productType = "com.apple.product-type.bundle.ui-testing";
		};
/* End PBXNativeTarget section */

/* Begin PBXProject section */
		E3551D3C253ECABE00D098DC /* Project object */ = {
			isa = PBXProject;
			attributes = {
				LastSwiftUpdateCheck = 1170;
				LastUpgradeCheck = 1170;
				ORGANIZATIONNAME = "Jawad Ali";
				TargetAttributes = {
					E3551D43253ECABE00D098DC = {
						CreatedOnToolsVersion = 11.7;
					};
					E3551D59253ECAC000D098DC = {
						CreatedOnToolsVersion = 11.7;
						TestTargetID = E3551D43253ECABE00D098DC;
					};
					E3551D64253ECAC000D098DC = {
						CreatedOnToolsVersion = 11.7;
						TestTargetID = E3551D43253ECABE00D098DC;
					};
				};
			};
			buildConfigurationList = E3551D3F253ECABE00D098DC /* Build configuration list for PBXProject "WeatherExercise" */;
			compatibilityVersion = "Xcode 9.3";
			developmentRegion = en;
			hasScannedForEncodings = 0;
			knownRegions = (
				en,
				Base,
			);
			mainGroup = E3551D3B253ECABE00D098DC;
			productRefGroup = E3551D45253ECABE00D098DC /* Products */;
			projectDirPath = "";
			projectRoot = "";
			targets = (
				E3551D43253ECABE00D098DC /* WeatherExercise */,
				E3551D59253ECAC000D098DC /* WeatherExerciseTests */,
				E3551D64253ECAC000D098DC /* WeatherExerciseUITests */,
			);
		};
/* End PBXProject section */

/* Begin PBXResourcesBuildPhase section */
		E3551D42253ECABE00D098DC /* Resources */ = {
			isa = PBXResourcesBuildPhase;
			buildActionMask = 2147483647;
			files = (
				E3EA61222542037000477C77 /* Theme.xcassets in Resources */,
				E3551D54253ECAC000D098DC /* LaunchScreen.storyboard in Resources */,
				E3551D51253ECAC000D098DC /* Assets.xcassets in Resources */,
			);
			runOnlyForDeploymentPostprocessing = 0;
		};
		E3551D58253ECAC000D098DC /* Resources */ = {
			isa = PBXResourcesBuildPhase;
			buildActionMask = 2147483647;
			files = (
			);
			runOnlyForDeploymentPostprocessing = 0;
		};
		E3551D63253ECAC000D098DC /* Resources */ = {
			isa = PBXResourcesBuildPhase;
			buildActionMask = 2147483647;
			files = (
			);
			runOnlyForDeploymentPostprocessing = 0;
		};
/* End PBXResourcesBuildPhase section */

/* Begin PBXSourcesBuildPhase section */
		E3551D40253ECABE00D098DC /* Sources */ = {
			isa = PBXSourcesBuildPhase;
			buildActionMask = 2147483647;
			files = (
				E3EA61272542146600477C77 /* HourlyCollectionViewCellViewModel.swift in Sources */,
				E3A90775254031DC009127E7 /* WeatherRepository.swift in Sources */,
				E3551DAE253F5C3100D098DC /* DequeueInitializable.swift in Sources */,
				E3551D80253ECCFB00D098DC /* LayoutAttributes.swift in Sources */,
				E3EA61252542143A00477C77 /* HourlyCollectionViewCell.swift in Sources */,
				E3EA61202542033F00477C77 /* UIColor+Extension.swift in Sources */,
				E3551D4C253ECABE00D098DC /* WeatherViewController.swift in Sources */,
				E3551DBA253F66FE00D098DC /* APIClient.swift in Sources */,
				E3A9077C2540BD5C009127E7 /* WeatherViewModel.swift in Sources */,
				E3551D87253ECE5E00D098DC /* UIStackViewFactory.swift in Sources */,
				E3EA612C25421E1D00477C77 /* DailyTableViewCellViewModel.swift in Sources */,
				E3551D7E253ECCD600D098DC /* Layouts.swift in Sources */,
				E3551DBC253F673300D098DC /* Reachability.swift in Sources */,
				E3551D98253EE8BA00D098DC /* WeatherModel.swift in Sources */,
				E3551DB6253F64D000D098DC /* WeatherServiceRequest.swift in Sources */,
				E3551D48253ECABE00D098DC /* AppDelegate.swift in Sources */,
				E3551D4A253ECABE00D098DC /* SceneDelegate.swift in Sources */,
				E3551DB2253F5F7200D098DC /* WeatherNetworkRouter.swift in Sources */,
				E3551DB8253F664F00D098DC /* WeatherService.swift in Sources */,
				E3551D9B253EEF3200D098DC /* Double+Extenstion.swift in Sources */,
				E3EA611E2542009900477C77 /* CurvedView.swift in Sources */,
				E3551D9D253F587A00D098DC /* AppError.swift in Sources */,
				E3EA612A25421DDA00477C77 /* DailyTableViewCell.swift in Sources */,
				E3551D85253ECE2400D098DC /* UIImageViewFactory.swift in Sources */,
				E3A90778254034AB009127E7 /* LocationManager.swift in Sources */,
				E3551D83253ECE0600D098DC /* UILabelFactory.swift in Sources */,
			);
			runOnlyForDeploymentPostprocessing = 0;
		};
		E3551D56253ECAC000D098DC /* Sources */ = {
			isa = PBXSourcesBuildPhase;
			buildActionMask = 2147483647;
			files = (
				E3551D5F253ECAC000D098DC /* WeatherExerciseTests.swift in Sources */,
			);
			runOnlyForDeploymentPostprocessing = 0;
		};
		E3551D61253ECAC000D098DC /* Sources */ = {
			isa = PBXSourcesBuildPhase;
			buildActionMask = 2147483647;
			files = (
				E3551D6A253ECAC000D098DC /* WeatherExerciseUITests.swift in Sources */,
			);
			runOnlyForDeploymentPostprocessing = 0;
		};
/* End PBXSourcesBuildPhase section */

/* Begin PBXTargetDependency section */
		E3551D5C253ECAC000D098DC /* PBXTargetDependency */ = {
			isa = PBXTargetDependency;
			target = E3551D43253ECABE00D098DC /* WeatherExercise */;
			targetProxy = E3551D5B253ECAC000D098DC /* PBXContainerItemProxy */;
		};
		E3551D67253ECAC000D098DC /* PBXTargetDependency */ = {
			isa = PBXTargetDependency;
			target = E3551D43253ECABE00D098DC /* WeatherExercise */;
			targetProxy = E3551D66253ECAC000D098DC /* PBXContainerItemProxy */;
		};
/* End PBXTargetDependency section */

/* Begin PBXVariantGroup section */
		E3551D52253ECAC000D098DC /* LaunchScreen.storyboard */ = {
			isa = PBXVariantGroup;
			children = (
				E3551D53253ECAC000D098DC /* Base */,
			);
			name = LaunchScreen.storyboard;
			sourceTree = "<group>";
		};
/* End PBXVariantGroup section */

/* Begin XCBuildConfiguration section */
		E3551D6C253ECAC000D098DC /* Debug */ = {
			isa = XCBuildConfiguration;
			buildSettings = {
				ALWAYS_SEARCH_USER_PATHS = NO;
				CLANG_ANALYZER_NONNULL = YES;
				CLANG_ANALYZER_NUMBER_OBJECT_CONVERSION = YES_AGGRESSIVE;
				CLANG_CXX_LANGUAGE_STANDARD = "gnu++14";
				CLANG_CXX_LIBRARY = "libc++";
				CLANG_ENABLE_MODULES = YES;
				CLANG_ENABLE_OBJC_ARC = YES;
				CLANG_ENABLE_OBJC_WEAK = YES;
				CLANG_WARN_BLOCK_CAPTURE_AUTORELEASING = YES;
				CLANG_WARN_BOOL_CONVERSION = YES;
				CLANG_WARN_COMMA = YES;
				CLANG_WARN_CONSTANT_CONVERSION = YES;
				CLANG_WARN_DEPRECATED_OBJC_IMPLEMENTATIONS = YES;
				CLANG_WARN_DIRECT_OBJC_ISA_USAGE = YES_ERROR;
				CLANG_WARN_DOCUMENTATION_COMMENTS = YES;
				CLANG_WARN_EMPTY_BODY = YES;
				CLANG_WARN_ENUM_CONVERSION = YES;
				CLANG_WARN_INFINITE_RECURSION = YES;
				CLANG_WARN_INT_CONVERSION = YES;
				CLANG_WARN_NON_LITERAL_NULL_CONVERSION = YES;
				CLANG_WARN_OBJC_IMPLICIT_RETAIN_SELF = YES;
				CLANG_WARN_OBJC_LITERAL_CONVERSION = YES;
				CLANG_WARN_OBJC_ROOT_CLASS = YES_ERROR;
				CLANG_WARN_RANGE_LOOP_ANALYSIS = YES;
				CLANG_WARN_STRICT_PROTOTYPES = YES;
				CLANG_WARN_SUSPICIOUS_MOVE = YES;
				CLANG_WARN_UNGUARDED_AVAILABILITY = YES_AGGRESSIVE;
				CLANG_WARN_UNREACHABLE_CODE = YES;
				CLANG_WARN__DUPLICATE_METHOD_MATCH = YES;
				COPY_PHASE_STRIP = NO;
				DEBUG_INFORMATION_FORMAT = dwarf;
				ENABLE_STRICT_OBJC_MSGSEND = YES;
				ENABLE_TESTABILITY = YES;
				GCC_C_LANGUAGE_STANDARD = gnu11;
				GCC_DYNAMIC_NO_PIC = NO;
				GCC_NO_COMMON_BLOCKS = YES;
				GCC_OPTIMIZATION_LEVEL = 0;
				GCC_PREPROCESSOR_DEFINITIONS = (
					"DEBUG=1",
					"$(inherited)",
				);
				GCC_WARN_64_TO_32_BIT_CONVERSION = YES;
				GCC_WARN_ABOUT_RETURN_TYPE = YES_ERROR;
				GCC_WARN_UNDECLARED_SELECTOR = YES;
				GCC_WARN_UNINITIALIZED_AUTOS = YES_AGGRESSIVE;
				GCC_WARN_UNUSED_FUNCTION = YES;
				GCC_WARN_UNUSED_VARIABLE = YES;
				IPHONEOS_DEPLOYMENT_TARGET = 13.7;
				MTL_ENABLE_DEBUG_INFO = INCLUDE_SOURCE;
				MTL_FAST_MATH = YES;
				ONLY_ACTIVE_ARCH = YES;
				SDKROOT = iphoneos;
				SWIFT_ACTIVE_COMPILATION_CONDITIONS = DEBUG;
				SWIFT_OPTIMIZATION_LEVEL = "-Onone";
			};
			name = Debug;
		};
		E3551D6D253ECAC000D098DC /* Release */ = {
			isa = XCBuildConfiguration;
			buildSettings = {
				ALWAYS_SEARCH_USER_PATHS = NO;
				CLANG_ANALYZER_NONNULL = YES;
				CLANG_ANALYZER_NUMBER_OBJECT_CONVERSION = YES_AGGRESSIVE;
				CLANG_CXX_LANGUAGE_STANDARD = "gnu++14";
				CLANG_CXX_LIBRARY = "libc++";
				CLANG_ENABLE_MODULES = YES;
				CLANG_ENABLE_OBJC_ARC = YES;
				CLANG_ENABLE_OBJC_WEAK = YES;
				CLANG_WARN_BLOCK_CAPTURE_AUTORELEASING = YES;
				CLANG_WARN_BOOL_CONVERSION = YES;
				CLANG_WARN_COMMA = YES;
				CLANG_WARN_CONSTANT_CONVERSION = YES;
				CLANG_WARN_DEPRECATED_OBJC_IMPLEMENTATIONS = YES;
				CLANG_WARN_DIRECT_OBJC_ISA_USAGE = YES_ERROR;
				CLANG_WARN_DOCUMENTATION_COMMENTS = YES;
				CLANG_WARN_EMPTY_BODY = YES;
				CLANG_WARN_ENUM_CONVERSION = YES;
				CLANG_WARN_INFINITE_RECURSION = YES;
				CLANG_WARN_INT_CONVERSION = YES;
				CLANG_WARN_NON_LITERAL_NULL_CONVERSION = YES;
				CLANG_WARN_OBJC_IMPLICIT_RETAIN_SELF = YES;
				CLANG_WARN_OBJC_LITERAL_CONVERSION = YES;
				CLANG_WARN_OBJC_ROOT_CLASS = YES_ERROR;
				CLANG_WARN_RANGE_LOOP_ANALYSIS = YES;
				CLANG_WARN_STRICT_PROTOTYPES = YES;
				CLANG_WARN_SUSPICIOUS_MOVE = YES;
				CLANG_WARN_UNGUARDED_AVAILABILITY = YES_AGGRESSIVE;
				CLANG_WARN_UNREACHABLE_CODE = YES;
				CLANG_WARN__DUPLICATE_METHOD_MATCH = YES;
				COPY_PHASE_STRIP = NO;
				DEBUG_INFORMATION_FORMAT = "dwarf-with-dsym";
				ENABLE_NS_ASSERTIONS = NO;
				ENABLE_STRICT_OBJC_MSGSEND = YES;
				GCC_C_LANGUAGE_STANDARD = gnu11;
				GCC_NO_COMMON_BLOCKS = YES;
				GCC_WARN_64_TO_32_BIT_CONVERSION = YES;
				GCC_WARN_ABOUT_RETURN_TYPE = YES_ERROR;
				GCC_WARN_UNDECLARED_SELECTOR = YES;
				GCC_WARN_UNINITIALIZED_AUTOS = YES_AGGRESSIVE;
				GCC_WARN_UNUSED_FUNCTION = YES;
				GCC_WARN_UNUSED_VARIABLE = YES;
				IPHONEOS_DEPLOYMENT_TARGET = 13.7;
				MTL_ENABLE_DEBUG_INFO = NO;
				MTL_FAST_MATH = YES;
				SDKROOT = iphoneos;
				SWIFT_COMPILATION_MODE = wholemodule;
				SWIFT_OPTIMIZATION_LEVEL = "-O";
				VALIDATE_PRODUCT = YES;
			};
			name = Release;
		};
		E3551D6F253ECAC000D098DC /* Debug */ = {
			isa = XCBuildConfiguration;
			buildSettings = {
				ASSETCATALOG_COMPILER_APPICON_NAME = AppIcon;
				CODE_SIGN_STYLE = Automatic;
				DEVELOPMENT_TEAM = 7VBQS7JDYT;
				INFOPLIST_FILE = WeatherExercise/Resources/Info.plist;
				IPHONEOS_DEPLOYMENT_TARGET = 13.0;
				LD_RUNPATH_SEARCH_PATHS = (
					"$(inherited)",
					"@executable_path/Frameworks",
				);
				PRODUCT_BUNDLE_IDENTIFIER = XeroT.WeatherExercise;
				PRODUCT_NAME = "$(TARGET_NAME)";
				SWIFT_VERSION = 5.0;
				TARGETED_DEVICE_FAMILY = "1,2";
			};
			name = Debug;
		};
		E3551D70253ECAC000D098DC /* Release */ = {
			isa = XCBuildConfiguration;
			buildSettings = {
				ASSETCATALOG_COMPILER_APPICON_NAME = AppIcon;
				CODE_SIGN_STYLE = Automatic;
				DEVELOPMENT_TEAM = 7VBQS7JDYT;
				INFOPLIST_FILE = WeatherExercise/Resources/Info.plist;
				IPHONEOS_DEPLOYMENT_TARGET = 13.0;
				LD_RUNPATH_SEARCH_PATHS = (
					"$(inherited)",
					"@executable_path/Frameworks",
				);
				PRODUCT_BUNDLE_IDENTIFIER = XeroT.WeatherExercise;
				PRODUCT_NAME = "$(TARGET_NAME)";
				SWIFT_VERSION = 5.0;
				TARGETED_DEVICE_FAMILY = "1,2";
			};
			name = Release;
		};
		E3551D72253ECAC000D098DC /* Debug */ = {
			isa = XCBuildConfiguration;
			buildSettings = {
				ALWAYS_EMBED_SWIFT_STANDARD_LIBRARIES = YES;
				BUNDLE_LOADER = "$(TEST_HOST)";
				CODE_SIGN_STYLE = Automatic;
				DEVELOPMENT_TEAM = 7VBQS7JDYT;
				INFOPLIST_FILE = WeatherExerciseTests/Info.plist;
				IPHONEOS_DEPLOYMENT_TARGET = 13.7;
				LD_RUNPATH_SEARCH_PATHS = (
					"$(inherited)",
					"@executable_path/Frameworks",
					"@loader_path/Frameworks",
				);
				PRODUCT_BUNDLE_IDENTIFIER = XeroT.WeatherExerciseTests;
				PRODUCT_NAME = "$(TARGET_NAME)";
				SWIFT_VERSION = 5.0;
				TARGETED_DEVICE_FAMILY = "1,2";
				TEST_HOST = "$(BUILT_PRODUCTS_DIR)/WeatherExercise.app/WeatherExercise";
			};
			name = Debug;
		};
		E3551D73253ECAC000D098DC /* Release */ = {
			isa = XCBuildConfiguration;
			buildSettings = {
				ALWAYS_EMBED_SWIFT_STANDARD_LIBRARIES = YES;
				BUNDLE_LOADER = "$(TEST_HOST)";
				CODE_SIGN_STYLE = Automatic;
				DEVELOPMENT_TEAM = 7VBQS7JDYT;
				INFOPLIST_FILE = WeatherExerciseTests/Info.plist;
				IPHONEOS_DEPLOYMENT_TARGET = 13.7;
				LD_RUNPATH_SEARCH_PATHS = (
					"$(inherited)",
					"@executable_path/Frameworks",
					"@loader_path/Frameworks",
				);
				PRODUCT_BUNDLE_IDENTIFIER = XeroT.WeatherExerciseTests;
				PRODUCT_NAME = "$(TARGET_NAME)";
				SWIFT_VERSION = 5.0;
				TARGETED_DEVICE_FAMILY = "1,2";
				TEST_HOST = "$(BUILT_PRODUCTS_DIR)/WeatherExercise.app/WeatherExercise";
			};
			name = Release;
		};
		E3551D75253ECAC000D098DC /* Debug */ = {
			isa = XCBuildConfiguration;
			buildSettings = {
				ALWAYS_EMBED_SWIFT_STANDARD_LIBRARIES = YES;
				CODE_SIGN_STYLE = Automatic;
				DEVELOPMENT_TEAM = 7VBQS7JDYT;
				INFOPLIST_FILE = WeatherExerciseUITests/Info.plist;
				LD_RUNPATH_SEARCH_PATHS = (
					"$(inherited)",
					"@executable_path/Frameworks",
					"@loader_path/Frameworks",
				);
				PRODUCT_BUNDLE_IDENTIFIER = XeroT.WeatherExerciseUITests;
				PRODUCT_NAME = "$(TARGET_NAME)";
				SWIFT_VERSION = 5.0;
				TARGETED_DEVICE_FAMILY = "1,2";
				TEST_TARGET_NAME = WeatherExercise;
			};
			name = Debug;
		};
		E3551D76253ECAC000D098DC /* Release */ = {
			isa = XCBuildConfiguration;
			buildSettings = {
				ALWAYS_EMBED_SWIFT_STANDARD_LIBRARIES = YES;
				CODE_SIGN_STYLE = Automatic;
				DEVELOPMENT_TEAM = 7VBQS7JDYT;
				INFOPLIST_FILE = WeatherExerciseUITests/Info.plist;
				LD_RUNPATH_SEARCH_PATHS = (
					"$(inherited)",
					"@executable_path/Frameworks",
					"@loader_path/Frameworks",
				);
				PRODUCT_BUNDLE_IDENTIFIER = XeroT.WeatherExerciseUITests;
				PRODUCT_NAME = "$(TARGET_NAME)";
				SWIFT_VERSION = 5.0;
				TARGETED_DEVICE_FAMILY = "1,2";
				TEST_TARGET_NAME = WeatherExercise;
			};
			name = Release;
		};
/* End XCBuildConfiguration section */

/* Begin XCConfigurationList section */
		E3551D3F253ECABE00D098DC /* Build configuration list for PBXProject "WeatherExercise" */ = {
			isa = XCConfigurationList;
			buildConfigurations = (
				E3551D6C253ECAC000D098DC /* Debug */,
				E3551D6D253ECAC000D098DC /* Release */,
			);
			defaultConfigurationIsVisible = 0;
			defaultConfigurationName = Release;
		};
		E3551D6E253ECAC000D098DC /* Build configuration list for PBXNativeTarget "WeatherExercise" */ = {
			isa = XCConfigurationList;
			buildConfigurations = (
				E3551D6F253ECAC000D098DC /* Debug */,
				E3551D70253ECAC000D098DC /* Release */,
			);
			defaultConfigurationIsVisible = 0;
			defaultConfigurationName = Release;
		};
		E3551D71253ECAC000D098DC /* Build configuration list for PBXNativeTarget "WeatherExerciseTests" */ = {
			isa = XCConfigurationList;
			buildConfigurations = (
				E3551D72253ECAC000D098DC /* Debug */,
				E3551D73253ECAC000D098DC /* Release */,
			);
			defaultConfigurationIsVisible = 0;
			defaultConfigurationName = Release;
		};
		E3551D74253ECAC000D098DC /* Build configuration list for PBXNativeTarget "WeatherExerciseUITests" */ = {
			isa = XCConfigurationList;
			buildConfigurations = (
				E3551D75253ECAC000D098DC /* Debug */,
				E3551D76253ECAC000D098DC /* Release */,
			);
			defaultConfigurationIsVisible = 0;
			defaultConfigurationName = Release;
		};
/* End XCConfigurationList section */
	};
	rootObject = E3551D3C253ECABE00D098DC /* Project object */;
}
